
Microsoft Visual Studio Solution File, Format Version 12.00
# Visual Studio Version 16
VisualStudioVersion = 16.0.34729.46
MinimumVisualStudioVersion = 10.0.40219.1
Project("{FAE04EC0-301F-11D3-BF4B-00C04F79EFBC}") = "2Layernew", "2Layernew\2Layernew.csproj", "{D914ABBA-0E2E-409C-8C36-6CB9E0AC5C26}"
EndProject
Global
	GlobalSection(SolutionConfigurationPlatforms) = preSolution
		Debug|Any CPU = Debug|Any CPU
		Release|Any CPU = Release|Any CPU
	EndGlobalSection
	GlobalSection(ProjectConfigurationPlatforms) = postSolution
		{D914ABBA-0E2E-409C-8C36-6CB9E0AC5C26}.Debug|Any CPU.ActiveCfg = Debug|Any CPU
		{D914ABBA-0E2E-409C-8C36-6CB9E0AC5C26}.Debug|Any CPU.Build.0 = Debug|Any CPU
		{D914ABBA-0E2E-409C-8C36-6CB9E0AC5C26}.Release|Any CPU.ActiveCfg = Release|Any CPU
		{D914ABBA-0E2E-409C-8C36-6CB9E0AC5C26}.Release|Any CPU.Build.0 = Release|Any CPU
	EndGlobalSection
	GlobalSection(SolutionProperties) = preSolution
		HideSolutionNode = FALSE
	EndGlobalSection
	GlobalSection(ExtensibilityGlobals) = postSolution
		SolutionGuid = {CD60AA3E-80DB-4CD4-9FDD-193FA8186EE5}
	EndGlobalSection
EndGlobal
